
Microsoft Visual Studio Solution File, Format Version 12.00
# Visual Studio Version 17
VisualStudioVersion = 17.14.36623.8
MinimumVisualStudioVersion = 10.0.40219.1
Project("{2150E333-8FDC-42A3-9474-1A3956D46DE8}") = "Task0", "Task0", "{02EA681E-C7D8-13C7-8484-4AC65E1B71E8}"
EndProject
Project("{FAE04EC0-301F-11D3-BF4B-00C04F79EFBC}") = "Tyuiu.PetrovDR.Sprint3.Task0.V1", "Tyuiu.PetrovDR.Sprint3.Task0.V1\Tyuiu.PetrovDR.Sprint3.Task0.V1.csproj", "{8AE2C40E-684B-4FB9-A07E-B806E7F8EA86}"
EndProject
Project("{FAE04EC0-301F-11D3-BF4B-00C04F79EFBC}") = "Tyuiu.PetrovDR.Sprint3.Task0.V1.Lib", "Tyuiu.PetrovDR.Sprint3.Task0.V1.Lib\Tyuiu.PetrovDR.Sprint3.Task0.V1.Lib.csproj", "{8C8AEE37-3F8F-4166-A2DF-CBF7666EDEAC}"
EndProject
Project("{FAE04EC0-301F-11D3-BF4B-00C04F79EFBC}") = "Tyuiu.PetrovDR.Sprint3.Task0.V1.Test", "Tyuiu.PetrovDR.Sprint3.Task0.V1.Test\Tyuiu.PetrovDR.Sprint3.Task0.V1.Test.csproj", "{1FC6DA36-26B4-45F4-8540-C576E0E86773}"
EndProject
Project("{2150E333-8FDC-42A3-9474-1A3956D46DE8}") = "Task1", "Task1", "{5E7A97AE-851F-4811-A609-57EFEC2C7877}"
EndProject
Project("{FAE04EC0-301F-11D3-BF4B-00C04F79EFBC}") = "Tyuiu.PetrovDR.Sprint3.Task1.V29", "Tyuiu.PetrovDR.Sprint3.Task1.V29\Tyuiu.PetrovDR.Sprint3.Task1.V29.csproj", "{C9461009-748B-445E-B64E-BEE41CABC458}"
EndProject
Project("{FAE04EC0-301F-11D3-BF4B-00C04F79EFBC}") = "Tyuiu.PetrovDR.Sprint3.Task1.V29.Lib", "Tyuiu.PetrovDR.Sprint3.Task1.V29.Lib\Tyuiu.PetrovDR.Sprint3.Task1.V29.Lib.csproj", "{6A0D232B-A149-48F5-8305-1C1CD7651489}"
EndProject
Project("{FAE04EC0-301F-11D3-BF4B-00C04F79EFBC}") = "Tyuiu.PetrovDR.Sprint3.Task1.V29.Test", "Tyuiu.PetrovDR.Sprint3.Task1.V29.Test\Tyuiu.PetrovDR.Sprint3.Task1.V29.Test.csproj", "{A4B62838-EC59-42FB-9994-5BAFEF360F91}"
EndProject
Project("{2150E333-8FDC-42A3-9474-1A3956D46DE8}") = "Task2", "Task2", "{CF0FF44D-1910-4D66-833A-FAF30173E333}"
EndProject
Project("{FAE04EC0-301F-11D3-BF4B-00C04F79EFBC}") = "Tyuiu.PetrovDR.Sprint3.Task2.V23", "Tyuiu.PetrovDR.Sprint3.Task2.V23\Tyuiu.PetrovDR.Sprint3.Task2.V23.csproj", "{84530C9F-CEBB-4EE8-8391-EF487F6B0E22}"
EndProject
Project("{FAE04EC0-301F-11D3-BF4B-00C04F79EFBC}") = "Tyuiu.PetrovDR.Sprint3.Task2.V23.Lib", "Tyuiu.PetrovDR.Sprint3.Task2.V23.Lib\Tyuiu.PetrovDR.Sprint3.Task2.V23.Lib.csproj", "{B05742C5-A0D2-472B-87A4-D0F921BE9615}"
EndProject
Project("{FAE04EC0-301F-11D3-BF4B-00C04F79EFBC}") = "Tyuiu.PetrovDR.Sprint3.Task2.V23.Test", "Tyuiu.PetrovDR.Sprint3.Task2.V23.Test\Tyuiu.PetrovDR.Sprint3.Task2.V23.Test.csproj", "{87759E8C-6F90-4339-B0C4-1039D5AF046E}"
EndProject
Project("{2150E333-8FDC-42A3-9474-1A3956D46DE8}") = "Task3", "Task3", "{C672981D-7C09-447D-95B6-A14F083F113C}"
EndProject
Project("{FAE04EC0-301F-11D3-BF4B-00C04F79EFBC}") = "Tyuiu.PetrovDR.Sprint3.Task3.V15", "Tyuiu.PetrovDR.Sprint3.Task3.V15\Tyuiu.PetrovDR.Sprint3.Task3.V15.csproj", "{2DFB7067-1B92-491E-9C1F-0F4D15E30946}"
EndProject
Project("{FAE04EC0-301F-11D3-BF4B-00C04F79EFBC}") = "Tyuiu.PetrovDR.Sprint3.Task3.V15.Lib", "Tyuiu.PetrovDR.Sprint3.Task3.V15.Lib\Tyuiu.PetrovDR.Sprint3.Task3.V15.Lib.csproj", "{B5DFB979-5D04-40D4-AA57-F567967BAD15}"
EndProject
Project("{FAE04EC0-301F-11D3-BF4B-00C04F79EFBC}") = "Tyuiu.PetrovDR.Sprint3.Task3.V15.Test", "Tyuiu.PetrovDR.Sprint3.Task3.V15.Test\Tyuiu.PetrovDR.Sprint3.Task3.V15.Test.csproj", "{02A5673F-7C3B-476A-9A73-74212A7E42BD}"
EndProject
Project("{2150E333-8FDC-42A3-9474-1A3956D46DE8}") = "Task4", "Task4", "{3FF17966-DBD8-4DFB-98E9-D2E790BBBF31}"
EndProject
Project("{FAE04EC0-301F-11D3-BF4B-00C04F79EFBC}") = "Tyuiu.PetrovDR.Sprint3.Task4.V5", "Tyuiu.PetrovDR.Sprint3.Task4.V5\Tyuiu.PetrovDR.Sprint3.Task4.V5.csproj", "{EF177F65-123B-4B3A-A11C-932423D60031}"
EndProject
Project("{FAE04EC0-301F-11D3-BF4B-00C04F79EFBC}") = "Tyuiu.PetrovDR.Sprint3.Task4.V5.Lib", "Tyuiu.PetrovDR.Sprint3.Task4.V5.Lib\Tyuiu.PetrovDR.Sprint3.Task4.V5.Lib.csproj", "{3FF533E0-E88E-4AE9-9062-4CDB6E9433A6}"
EndProject
Project("{FAE04EC0-301F-11D3-BF4B-00C04F79EFBC}") = "Tyuiu.PetrovDR.Sprint3.Task4.V5.Test", "Tyuiu.PetrovDR.Sprint3.Task4.V5.Test\Tyuiu.PetrovDR.Sprint3.Task4.V5.Test.csproj", "{BD0AE3C0-3753-4C69-ADAC-333764C93875}"
EndProject
Project("{2150E333-8FDC-42A3-9474-1A3956D46DE8}") = "Task5", "Task5", "{76F44223-45D1-4232-A352-5D8A9BD2010A}"
EndProject
Project("{FAE04EC0-301F-11D3-BF4B-00C04F79EFBC}") = "Tyuiu.PetrovDR.Sprint3.Task5.V5", "Tyuiu.PetrovDR.Sprint3.Task5.V5\Tyuiu.PetrovDR.Sprint3.Task5.V5.csproj", "{FA5126D5-77BD-44AD-89C5-1D73A532779C}"
EndProject
Project("{FAE04EC0-301F-11D3-BF4B-00C04F79EFBC}") = "Tyuiu.PetrovDR.Sprint3.Task5.V5.Lib", "Tyuiu.PetrovDR.Sprint3.Task5.V5.Lib\Tyuiu.PetrovDR.Sprint3.Task5.V5.Lib.csproj", "{23A6E57D-B206-4FE4-AB8F-6D9D01A881C9}"
EndProject
Project("{FAE04EC0-301F-11D3-BF4B-00C04F79EFBC}") = "Tyuiu.PetrovDR.Sprint3.Task5.V5.Test", "Tyuiu.PetrovDR.Sprint3.Task5.V5.Test\Tyuiu.PetrovDR.Sprint3.Task5.V5.Test.csproj", "{1329009B-2F9D-47B0-A00D-7AFB32069813}"
EndProject
Project("{2150E333-8FDC-42A3-9474-1A3956D46DE8}") = "Task6", "Task6", "{60621061-925B-4C94-B3B5-CA248BE81C21}"
EndProject
Project("{FAE04EC0-301F-11D3-BF4B-00C04F79EFBC}") = "Tyuiu.PetrovDR.Sprint3.Task6.V13", "Tyuiu.PetrovDR.Sprint3.Task6.V13\Tyuiu.PetrovDR.Sprint3.Task6.V13.csproj", "{84F95AD4-662B-40AC-9911-7CB7D539B800}"
EndProject
Project("{FAE04EC0-301F-11D3-BF4B-00C04F79EFBC}") = "Tyuiu.PetrovDR.Sprint3.Task6.V13.Lib", "Tyuiu.PetrovDR.Sprint3.Task6.V13.Lib\Tyuiu.PetrovDR.Sprint3.Task6.V13.Lib.csproj", "{BF121C58-B294-4DFB-B0CE-5DBB439990FC}"
EndProject
Project("{FAE04EC0-301F-11D3-BF4B-00C04F79EFBC}") = "Tyuiu.PetrovDR.Sprint3.Task6.V13.Test", "Tyuiu.PetrovDR.Sprint3.Task6.V13.Test\Tyuiu.PetrovDR.Sprint3.Task6.V13.Test.csproj", "{9C6B197C-321A-4E93-B957-BC88EF75C7F4}"
EndProject
Project("{2150E333-8FDC-42A3-9474-1A3956D46DE8}") = "Task7", "Task7", "{A62F2AE7-24D9-489B-BA25-A0DCFC061D61}"
EndProject
Project("{FAE04EC0-301F-11D3-BF4B-00C04F79EFBC}") = "Tyuiu.PetrovDR.Sprint3.Task7.V7", "Tyuiu.PetrovDR.Sprint3.Task7.V7\Tyuiu.PetrovDR.Sprint3.Task7.V7.csproj", "{A939CC64-FDE8-45A0-88E3-1949A7354582}"
EndProject
Project("{FAE04EC0-301F-11D3-BF4B-00C04F79EFBC}") = "Tyuiu.PetrovDR.Sprint3.Task7.V7.Lib", "Tyuiu.PetrovDR.Sprint3.Task7.V7.Lib\Tyuiu.PetrovDR.Sprint3.Task7.V7.Lib.csproj", "{4C9E16FD-13C5-47ED-AD18-E6A83CBD4926}"
EndProject
Project("{FAE04EC0-301F-11D3-BF4B-00C04F79EFBC}") = "Tyuiu.PetrovDR.Sprint3.Task7.V7.Test", "Tyuiu.PetrovDR.Sprint3.Task7.V7.Test\Tyuiu.PetrovDR.Sprint3.Task7.V7.Test.csproj", "{C21D7967-2E80-4B9F-97AB-49CAB462BE22}"
EndProject
Global
	GlobalSection(SolutionConfigurationPlatforms) = preSolution
		Debug|Any CPU = Debug|Any CPU
		Release|Any CPU = Release|Any CPU
	EndGlobalSection
	GlobalSection(ProjectConfigurationPlatforms) = postSolution
		{8AE2C40E-684B-4FB9-A07E-B806E7F8EA86}.Debug|Any CPU.ActiveCfg = Debug|Any CPU
		{8AE2C40E-684B-4FB9-A07E-B806E7F8EA86}.Debug|Any CPU.Build.0 = Debug|Any CPU
		{8AE2C40E-684B-4FB9-A07E-B806E7F8EA86}.Release|Any CPU.ActiveCfg = Release|Any CPU
		{8AE2C40E-684B-4FB9-A07E-B806E7F8EA86}.Release|Any CPU.Build.0 = Release|Any CPU
		{8C8AEE37-3F8F-4166-A2DF-CBF7666EDEAC}.Debug|Any CPU.ActiveCfg = Debug|Any CPU
		{8C8AEE37-3F8F-4166-A2DF-CBF7666EDEAC}.Debug|Any CPU.Build.0 = Debug|Any CPU
		{8C8AEE37-3F8F-4166-A2DF-CBF7666EDEAC}.Release|Any CPU.ActiveCfg = Release|Any CPU
		{8C8AEE37-3F8F-4166-A2DF-CBF7666EDEAC}.Release|Any CPU.Build.0 = Release|Any CPU
		{1FC6DA36-26B4-45F4-8540-C576E0E86773}.Debug|Any CPU.ActiveCfg = Debug|Any CPU
		{1FC6DA36-26B4-45F4-8540-C576E0E86773}.Debug|Any CPU.Build.0 = Debug|Any CPU
		{1FC6DA36-26B4-45F4-8540-C576E0E86773}.Release|Any CPU.ActiveCfg = Release|Any CPU
		{1FC6DA36-26B4-45F4-8540-C576E0E86773}.Release|Any CPU.Build.0 = Release|Any CPU
		{C9461009-748B-445E-B64E-BEE41CABC458}.Debug|Any CPU.ActiveCfg = Debug|Any CPU
		{C9461009-748B-445E-B64E-BEE41CABC458}.Debug|Any CPU.Build.0 = Debug|Any CPU
		{C9461009-748B-445E-B64E-BEE41CABC458}.Release|Any CPU.ActiveCfg = Release|Any CPU
		{C9461009-748B-445E-B64E-BEE41CABC458}.Release|Any CPU.Build.0 = Release|Any CPU
		{6A0D232B-A149-48F5-8305-1C1CD7651489}.Debug|Any CPU.ActiveCfg = Debug|Any CPU
		{6A0D232B-A149-48F5-8305-1C1CD7651489}.Debug|Any CPU.Build.0 = Debug|Any CPU
		{6A0D232B-A149-48F5-8305-1C1CD7651489}.Release|Any CPU.ActiveCfg = Release|Any CPU
		{6A0D232B-A149-48F5-8305-1C1CD7651489}.Release|Any CPU.Build.0 = Release|Any CPU
		{A4B62838-EC59-42FB-9994-5BAFEF360F91}.Debug|Any CPU.ActiveCfg = Debug|Any CPU
		{A4B62838-EC59-42FB-9994-5BAFEF360F91}.Debug|Any CPU.Build.0 = Debug|Any CPU
		{A4B62838-EC59-42FB-9994-5BAFEF360F91}.Release|Any CPU.ActiveCfg = Release|Any CPU
		{A4B62838-EC59-42FB-9994-5BAFEF360F91}.Release|Any CPU.Build.0 = Release|Any CPU
		{84530C9F-CEBB-4EE8-8391-EF487F6B0E22}.Debug|Any CPU.ActiveCfg = Debug|Any CPU
		{84530C9F-CEBB-4EE8-8391-EF487F6B0E22}.Debug|Any CPU.Build.0 = Debug|Any CPU
		{84530C9F-CEBB-4EE8-8391-EF487F6B0E22}.Release|Any CPU.ActiveCfg = Release|Any CPU
		{84530C9F-CEBB-4EE8-8391-EF487F6B0E22}.Release|Any CPU.Build.0 = Release|Any CPU
		{B05742C5-A0D2-472B-87A4-D0F921BE9615}.Debug|Any CPU.ActiveCfg = Debug|Any CPU
		{B05742C5-A0D2-472B-87A4-D0F921BE9615}.Debug|Any CPU.Build.0 = Debug|Any CPU
		{B05742C5-A0D2-472B-87A4-D0F921BE9615}.Release|Any CPU.ActiveCfg = Release|Any CPU
		{B05742C5-A0D2-472B-87A4-D0F921BE9615}.Release|Any CPU.Build.0 = Release|Any CPU
		{87759E8C-6F90-4339-B0C4-1039D5AF046E}.Debug|Any CPU.ActiveCfg = Debug|Any CPU
		{87759E8C-6F90-4339-B0C4-1039D5AF046E}.Debug|Any CPU.Build.0 = Debug|Any CPU
		{87759E8C-6F90-4339-B0C4-1039D5AF046E}.Release|Any CPU.ActiveCfg = Release|Any CPU
		{87759E8C-6F90-4339-B0C4-1039D5AF046E}.Release|Any CPU.Build.0 = Release|Any CPU
		{2DFB7067-1B92-491E-9C1F-0F4D15E30946}.Debug|Any CPU.ActiveCfg = Debug|Any CPU
		{2DFB7067-1B92-491E-9C1F-0F4D15E30946}.Debug|Any CPU.Build.0 = Debug|Any CPU
		{2DFB7067-1B92-491E-9C1F-0F4D15E30946}.Release|Any CPU.ActiveCfg = Release|Any CPU
		{2DFB7067-1B92-491E-9C1F-0F4D15E30946}.Release|Any CPU.Build.0 = Release|Any CPU
		{B5DFB979-5D04-40D4-AA57-F567967BAD15}.Debug|Any CPU.ActiveCfg = Debug|Any CPU
		{B5DFB979-5D04-40D4-AA57-F567967BAD15}.Debug|Any CPU.Build.0 = Debug|Any CPU
		{B5DFB979-5D04-40D4-AA57-F567967BAD15}.Release|Any CPU.ActiveCfg = Release|Any CPU
		{B5DFB979-5D04-40D4-AA57-F567967BAD15}.Release|Any CPU.Build.0 = Release|Any CPU
		{02A5673F-7C3B-476A-9A73-74212A7E42BD}.Debug|Any CPU.ActiveCfg = Debug|Any CPU
		{02A5673F-7C3B-476A-9A73-74212A7E42BD}.Debug|Any CPU.Build.0 = Debug|Any CPU
		{02A5673F-7C3B-476A-9A73-74212A7E42BD}.Release|Any CPU.ActiveCfg = Release|Any CPU
		{02A5673F-7C3B-476A-9A73-74212A7E42BD}.Release|Any CPU.Build.0 = Release|Any CPU
		{EF177F65-123B-4B3A-A11C-932423D60031}.Debug|Any CPU.ActiveCfg = Debug|Any CPU
		{EF177F65-123B-4B3A-A11C-932423D60031}.Debug|Any CPU.Build.0 = Debug|Any CPU
		{EF177F65-123B-4B3A-A11C-932423D60031}.Release|Any CPU.ActiveCfg = Release|Any CPU
		{EF177F65-123B-4B3A-A11C-932423D60031}.Release|Any CPU.Build.0 = Release|Any CPU
		{3FF533E0-E88E-4AE9-9062-4CDB6E9433A6}.Debug|Any CPU.ActiveCfg = Debug|Any CPU
		{3FF533E0-E88E-4AE9-9062-4CDB6E9433A6}.Debug|Any CPU.Build.0 = Debug|Any CPU
		{3FF533E0-E88E-4AE9-9062-4CDB6E9433A6}.Release|Any CPU.ActiveCfg = Release|Any CPU
		{3FF533E0-E88E-4AE9-9062-4CDB6E9433A6}.Release|Any CPU.Build.0 = Release|Any CPU
		{BD0AE3C0-3753-4C69-ADAC-333764C93875}.Debug|Any CPU.ActiveCfg = Debug|Any CPU
		{BD0AE3C0-3753-4C69-ADAC-333764C93875}.Debug|Any CPU.Build.0 = Debug|Any CPU
		{BD0AE3C0-3753-4C69-ADAC-333764C93875}.Release|Any CPU.ActiveCfg = Release|Any CPU
		{BD0AE3C0-3753-4C69-ADAC-333764C93875}.Release|Any CPU.Build.0 = Release|Any CPU
		{FA5126D5-77BD-44AD-89C5-1D73A532779C}.Debug|Any CPU.ActiveCfg = Debug|Any CPU
		{FA5126D5-77BD-44AD-89C5-1D73A532779C}.Debug|Any CPU.Build.0 = Debug|Any CPU
		{FA5126D5-77BD-44AD-89C5-1D73A532779C}.Release|Any CPU.ActiveCfg = Release|Any CPU
		{FA5126D5-77BD-44AD-89C5-1D73A532779C}.Release|Any CPU.Build.0 = Release|Any CPU
		{23A6E57D-B206-4FE4-AB8F-6D9D01A881C9}.Debug|Any CPU.ActiveCfg = Debug|Any CPU
		{23A6E57D-B206-4FE4-AB8F-6D9D01A881C9}.Debug|Any CPU.Build.0 = Debug|Any CPU
		{23A6E57D-B206-4FE4-AB8F-6D9D01A881C9}.Release|Any CPU.ActiveCfg = Release|Any CPU
		{23A6E57D-B206-4FE4-AB8F-6D9D01A881C9}.Release|Any CPU.Build.0 = Release|Any CPU
		{1329009B-2F9D-47B0-A00D-7AFB32069813}.Debug|Any CPU.ActiveCfg = Debug|Any CPU
		{1329009B-2F9D-47B0-A00D-7AFB32069813}.Debug|Any CPU.Build.0 = Debug|Any CPU
		{1329009B-2F9D-47B0-A00D-7AFB32069813}.Release|Any CPU.ActiveCfg = Release|Any CPU
		{1329009B-2F9D-47B0-A00D-7AFB32069813}.Release|Any CPU.Build.0 = Release|Any CPU
		{84F95AD4-662B-40AC-9911-7CB7D539B800}.Debug|Any CPU.ActiveCfg = Debug|Any CPU
		{84F95AD4-662B-40AC-9911-7CB7D539B800}.Debug|Any CPU.Build.0 = Debug|Any CPU
		{84F95AD4-662B-40AC-9911-7CB7D539B800}.Release|Any CPU.ActiveCfg = Release|Any CPU
		{84F95AD4-662B-40AC-9911-7CB7D539B800}.Release|Any CPU.Build.0 = Release|Any CPU
		{BF121C58-B294-4DFB-B0CE-5DBB439990FC}.Debug|Any CPU.ActiveCfg = Debug|Any CPU
		{BF121C58-B294-4DFB-B0CE-5DBB439990FC}.Debug|Any CPU.Build.0 = Debug|Any CPU
		{BF121C58-B294-4DFB-B0CE-5DBB439990FC}.Release|Any CPU.ActiveCfg = Release|Any CPU
		{BF121C58-B294-4DFB-B0CE-5DBB439990FC}.Release|Any CPU.Build.0 = Release|Any CPU
		{9C6B197C-321A-4E93-B957-BC88EF75C7F4}.Debug|Any CPU.ActiveCfg = Debug|Any CPU
		{9C6B197C-321A-4E93-B957-BC88EF75C7F4}.Debug|Any CPU.Build.0 = Debug|Any CPU
		{9C6B197C-321A-4E93-B957-BC88EF75C7F4}.Release|Any CPU.ActiveCfg = Release|Any CPU
		{9C6B197C-321A-4E93-B957-BC88EF75C7F4}.Release|Any CPU.Build.0 = Release|Any CPU
		{A939CC64-FDE8-45A0-88E3-1949A7354582}.Debug|Any CPU.ActiveCfg = Debug|Any CPU
		{A939CC64-FDE8-45A0-88E3-1949A7354582}.Debug|Any CPU.Build.0 = Debug|Any CPU
		{A939CC64-FDE8-45A0-88E3-1949A7354582}.Release|Any CPU.ActiveCfg = Release|Any CPU
		{A939CC64-FDE8-45A0-88E3-1949A7354582}.Release|Any CPU.Build.0 = Release|Any CPU
		{4C9E16FD-13C5-47ED-AD18-E6A83CBD4926}.Debug|Any CPU.ActiveCfg = Debug|Any CPU
		{4C9E16FD-13C5-47ED-AD18-E6A83CBD4926}.Debug|Any CPU.Build.0 = Debug|Any CPU
		{4C9E16FD-13C5-47ED-AD18-E6A83CBD4926}.Release|Any CPU.ActiveCfg = Release|Any CPU
		{4C9E16FD-13C5-47ED-AD18-E6A83CBD4926}.Release|Any CPU.Build.0 = Release|Any CPU
		{C21D7967-2E80-4B9F-97AB-49CAB462BE22}.Debug|Any CPU.ActiveCfg = Debug|Any CPU
		{C21D7967-2E80-4B9F-97AB-49CAB462BE22}.Debug|Any CPU.Build.0 = Debug|Any CPU
		{C21D7967-2E80-4B9F-97AB-49CAB462BE22}.Release|Any CPU.ActiveCfg = Release|Any CPU
		{C21D7967-2E80-4B9F-97AB-49CAB462BE22}.Release|Any CPU.Build.0 = Release|Any CPU
	EndGlobalSection
	GlobalSection(SolutionProperties) = preSolution
		HideSolutionNode = FALSE
	EndGlobalSection
	GlobalSection(NestedProjects) = preSolution
		{8AE2C40E-684B-4FB9-A07E-B806E7F8EA86} = {02EA681E-C7D8-13C7-8484-4AC65E1B71E8}
		{8C8AEE37-3F8F-4166-A2DF-CBF7666EDEAC} = {02EA681E-C7D8-13C7-8484-4AC65E1B71E8}
		{1FC6DA36-26B4-45F4-8540-C576E0E86773} = {02EA681E-C7D8-13C7-8484-4AC65E1B71E8}
		{C9461009-748B-445E-B64E-BEE41CABC458} = {5E7A97AE-851F-4811-A609-57EFEC2C7877}
		{6A0D232B-A149-48F5-8305-1C1CD7651489} = {5E7A97AE-851F-4811-A609-57EFEC2C7877}
		{A4B62838-EC59-42FB-9994-5BAFEF360F91} = {5E7A97AE-851F-4811-A609-57EFEC2C7877}
		{84530C9F-CEBB-4EE8-8391-EF487F6B0E22} = {CF0FF44D-1910-4D66-833A-FAF30173E333}
		{B05742C5-A0D2-472B-87A4-D0F921BE9615} = {CF0FF44D-1910-4D66-833A-FAF30173E333}
		{87759E8C-6F90-4339-B0C4-1039D5AF046E} = {CF0FF44D-1910-4D66-833A-FAF30173E333}
		{2DFB7067-1B92-491E-9C1F-0F4D15E30946} = {C672981D-7C09-447D-95B6-A14F083F113C}
		{B5DFB979-5D04-40D4-AA57-F567967BAD15} = {C672981D-7C09-447D-95B6-A14F083F113C}
		{02A5673F-7C3B-476A-9A73-74212A7E42BD} = {C672981D-7C09-447D-95B6-A14F083F113C}
		{EF177F65-123B-4B3A-A11C-932423D60031} = {3FF17966-DBD8-4DFB-98E9-D2E790BBBF31}
		{3FF533E0-E88E-4AE9-9062-4CDB6E9433A6} = {3FF17966-DBD8-4DFB-98E9-D2E790BBBF31}
		{BD0AE3C0-3753-4C69-ADAC-333764C93875} = {3FF17966-DBD8-4DFB-98E9-D2E790BBBF31}
		{FA5126D5-77BD-44AD-89C5-1D73A532779C} = {76F44223-45D1-4232-A352-5D8A9BD2010A}
		{23A6E57D-B206-4FE4-AB8F-6D9D01A881C9} = {76F44223-45D1-4232-A352-5D8A9BD2010A}
		{1329009B-2F9D-47B0-A00D-7AFB32069813} = {76F44223-45D1-4232-A352-5D8A9BD2010A}
		{84F95AD4-662B-40AC-9911-7CB7D539B800} = {60621061-925B-4C94-B3B5-CA248BE81C21}
		{BF121C58-B294-4DFB-B0CE-5DBB439990FC} = {60621061-925B-4C94-B3B5-CA248BE81C21}
		{9C6B197C-321A-4E93-B957-BC88EF75C7F4} = {60621061-925B-4C94-B3B5-CA248BE81C21}
		{A939CC64-FDE8-45A0-88E3-1949A7354582} = {A62F2AE7-24D9-489B-BA25-A0DCFC061D61}
		{4C9E16FD-13C5-47ED-AD18-E6A83CBD4926} = {A62F2AE7-24D9-489B-BA25-A0DCFC061D61}
		{C21D7967-2E80-4B9F-97AB-49CAB462BE22} = {A62F2AE7-24D9-489B-BA25-A0DCFC061D61}
	EndGlobalSection
	GlobalSection(ExtensibilityGlobals) = postSolution
		SolutionGuid = {EF1258B8-4D3C-4419-B4D2-116886B7C772}
	EndGlobalSection
EndGlobal
