
Microsoft Visual Studio Solution File, Format Version 12.00
# Visual Studio Version 17
VisualStudioVersion = 17.14.36623.8 d17.14
MinimumVisualStudioVersion = 10.0.40219.1
Project("{2150E333-8FDC-42A3-9474-1A3956D46DE8}") = "Task0", "Task0", "{02EA681E-C7D8-13C7-8484-4AC65E1B71E8}"
EndProject
Project("{FAE04EC0-301F-11D3-BF4B-00C04F79EFBC}") = "Tyuiu.PetrovDR.Sprint3.Task0.V1", "Tyuiu.PetrovDR.Sprint3.Task0.V1\Tyuiu.PetrovDR.Sprint3.Task0.V1.csproj", "{8AE2C40E-684B-4FB9-A07E-B806E7F8EA86}"
EndProject
Project("{FAE04EC0-301F-11D3-BF4B-00C04F79EFBC}") = "Tyuiu.PetrovDR.Sprint3.Task0.V1.Lib", "Tyuiu.PetrovDR.Sprint3.Task0.V1.Lib\Tyuiu.PetrovDR.Sprint3.Task0.V1.Lib.csproj", "{8C8AEE37-3F8F-4166-A2DF-CBF7666EDEAC}"
EndProject
Project("{FAE04EC0-301F-11D3-BF4B-00C04F79EFBC}") = "Tyuiu.PetrovDR.Sprint3.Task0.V1.Test", "Tyuiu.PetrovDR.Sprint3.Task0.V1.Test\Tyuiu.PetrovDR.Sprint3.Task0.V1.Test.csproj", "{1FC6DA36-26B4-45F4-8540-C576E0E86773}"
EndProject
Global
	GlobalSection(SolutionConfigurationPlatforms) = preSolution
		Debug|Any CPU = Debug|Any CPU
		Release|Any CPU = Release|Any CPU
	EndGlobalSection
	GlobalSection(ProjectConfigurationPlatforms) = postSolution
		{8AE2C40E-684B-4FB9-A07E-B806E7F8EA86}.Debug|Any CPU.ActiveCfg = Debug|Any CPU
		{8AE2C40E-684B-4FB9-A07E-B806E7F8EA86}.Debug|Any CPU.Build.0 = Debug|Any CPU
		{8AE2C40E-684B-4FB9-A07E-B806E7F8EA86}.Release|Any CPU.ActiveCfg = Release|Any CPU
		{8AE2C40E-684B-4FB9-A07E-B806E7F8EA86}.Release|Any CPU.Build.0 = Release|Any CPU
		{8C8AEE37-3F8F-4166-A2DF-CBF7666EDEAC}.Debug|Any CPU.ActiveCfg = Debug|Any CPU
		{8C8AEE37-3F8F-4166-A2DF-CBF7666EDEAC}.Debug|Any CPU.Build.0 = Debug|Any CPU
		{8C8AEE37-3F8F-4166-A2DF-CBF7666EDEAC}.Release|Any CPU.ActiveCfg = Release|Any CPU
		{8C8AEE37-3F8F-4166-A2DF-CBF7666EDEAC}.Release|Any CPU.Build.0 = Release|Any CPU
		{1FC6DA36-26B4-45F4-8540-C576E0E86773}.Debug|Any CPU.ActiveCfg = Debug|Any CPU
		{1FC6DA36-26B4-45F4-8540-C576E0E86773}.Debug|Any CPU.Build.0 = Debug|Any CPU
		{1FC6DA36-26B4-45F4-8540-C576E0E86773}.Release|Any CPU.ActiveCfg = Release|Any CPU
		{1FC6DA36-26B4-45F4-8540-C576E0E86773}.Release|Any CPU.Build.0 = Release|Any CPU
	EndGlobalSection
	GlobalSection(SolutionProperties) = preSolution
		HideSolutionNode = FALSE
	EndGlobalSection
	GlobalSection(NestedProjects) = preSolution
		{8AE2C40E-684B-4FB9-A07E-B806E7F8EA86} = {02EA681E-C7D8-13C7-8484-4AC65E1B71E8}
		{8C8AEE37-3F8F-4166-A2DF-CBF7666EDEAC} = {02EA681E-C7D8-13C7-8484-4AC65E1B71E8}
		{1FC6DA36-26B4-45F4-8540-C576E0E86773} = {02EA681E-C7D8-13C7-8484-4AC65E1B71E8}
	EndGlobalSection
	GlobalSection(ExtensibilityGlobals) = postSolution
		SolutionGuid = {EF1258B8-4D3C-4419-B4D2-116886B7C772}
	EndGlobalSection
EndGlobal
